%{"detergent": {:git, "https://github.com/active-group/detergent.git", "e507f915ab5a5f04e59e9fc76f5432ef50d6bf16", [tag: "eco-v3"]},
  "erlsom": {:git, "https://github.com/active-group/erlsom.git", "df4526ce3c50ea27a4d37f4be3582037368f8ce7", [branch: "develop"]},
  "plug": {:hex, :plug, "1.1.6", "8927e4028433fcb859e000b9389ee9c37c80eb28378eeeea31b0273350bf668b", [:mix], [{:cowboy, "~> 1.0", [hex: :cowboy, repo: "hexpm", optional: true]}], "hexpm"}}
