%{"detergent": {:git, "https://github.com/active-group/detergent.git", "cd70b9f5b3cbf852bf5726919b886c03b7751e6c", [tag: "eco-v1"]},
  "erlsom": {:git, "https://github.com/frobese/erlsom.git", "9b3f9106a9b1376ab7a4dbdd11cae7bb9835ef0a", [branch: "develop"]},
  "plug": {:hex, :plug, "1.1.6", "8927e4028433fcb859e000b9389ee9c37c80eb28378eeeea31b0273350bf668b", [:mix], [{:cowboy, "~> 1.0", [hex: :cowboy, optional: true]}]}}
